
Microsoft Visual Studio Solution File, Format Version 12.00
# Visual Studio Version 17
VisualStudioVersion = 17.8.34511.84
MinimumVisualStudioVersion = 10.0.40219.1
Project("{9A19103F-16F7-4668-BE54-9A1E7A4F7556}") = "BulkyWeb", "BulkyWeb\BulkyWeb.csproj", "{5D658B71-2034-427D-848F-5CDA9253571B}"
EndProject
Project("{FAE04EC0-301F-11D3-BF4B-00C04F79EFBC}") = "Bulky.Models", "Bulky.Models\Bulky.Models.csproj", "{E7B68F0D-DFFC-40E5-9BE9-7F5575A67DE5}"
EndProject
Project("{FAE04EC0-301F-11D3-BF4B-00C04F79EFBC}") = "Bulky.Utility", "Bulky.Utility\Bulky.Utility.csproj", "{B4B9DCDF-0AA6-43FB-9A3A-449012B17D56}"
EndProject
Project("{FAE04EC0-301F-11D3-BF4B-00C04F79EFBC}") = "Bulky.DataAccess", "Bulky.DataAccess\Bulky.DataAccess.csproj", "{00A043DD-DCA9-4AB5-80FB-2797A570B109}"
EndProject
Global
	GlobalSection(SolutionConfigurationPlatforms) = preSolution
		Debug|Any CPU = Debug|Any CPU
		Release|Any CPU = Release|Any CPU
	EndGlobalSection
	GlobalSection(ProjectConfigurationPlatforms) = postSolution
		{5D658B71-2034-427D-848F-5CDA9253571B}.Debug|Any CPU.ActiveCfg = Debug|Any CPU
		{5D658B71-2034-427D-848F-5CDA9253571B}.Debug|Any CPU.Build.0 = Debug|Any CPU
		{5D658B71-2034-427D-848F-5CDA9253571B}.Release|Any CPU.ActiveCfg = Release|Any CPU
		{5D658B71-2034-427D-848F-5CDA9253571B}.Release|Any CPU.Build.0 = Release|Any CPU
		{E7B68F0D-DFFC-40E5-9BE9-7F5575A67DE5}.Debug|Any CPU.ActiveCfg = Debug|Any CPU
		{E7B68F0D-DFFC-40E5-9BE9-7F5575A67DE5}.Debug|Any CPU.Build.0 = Debug|Any CPU
		{E7B68F0D-DFFC-40E5-9BE9-7F5575A67DE5}.Release|Any CPU.ActiveCfg = Release|Any CPU
		{E7B68F0D-DFFC-40E5-9BE9-7F5575A67DE5}.Release|Any CPU.Build.0 = Release|Any CPU
		{B4B9DCDF-0AA6-43FB-9A3A-449012B17D56}.Debug|Any CPU.ActiveCfg = Debug|Any CPU
		{B4B9DCDF-0AA6-43FB-9A3A-449012B17D56}.Debug|Any CPU.Build.0 = Debug|Any CPU
		{B4B9DCDF-0AA6-43FB-9A3A-449012B17D56}.Release|Any CPU.ActiveCfg = Release|Any CPU
		{B4B9DCDF-0AA6-43FB-9A3A-449012B17D56}.Release|Any CPU.Build.0 = Release|Any CPU
		{00A043DD-DCA9-4AB5-80FB-2797A570B109}.Debug|Any CPU.ActiveCfg = Debug|Any CPU
		{00A043DD-DCA9-4AB5-80FB-2797A570B109}.Debug|Any CPU.Build.0 = Debug|Any CPU
		{00A043DD-DCA9-4AB5-80FB-2797A570B109}.Release|Any CPU.ActiveCfg = Release|Any CPU
		{00A043DD-DCA9-4AB5-80FB-2797A570B109}.Release|Any CPU.Build.0 = Release|Any CPU
	EndGlobalSection
	GlobalSection(SolutionProperties) = preSolution
		HideSolutionNode = FALSE
	EndGlobalSection
	GlobalSection(ExtensibilityGlobals) = postSolution
		SolutionGuid = {B6ECD70F-A8DF-435C-A2A8-3651ACB1B5CC}
	EndGlobalSection
EndGlobal
